{
  "version": "4",
  "specifiers": {
    "npm:@bufbuild/buf@1.44.0": "1.44.0"
  },
  "npm": {
    "@bufbuild/buf-darwin-arm64@1.44.0": {
      "integrity": "sha512-TZIorkTCICvVKYukkWeUFOMceaGWBrmKVOkXDC1Lusw3bRAdotQRZcwUHEW+XhHjOFFrrqcow4e7UKmk3Qekiw=="
    },
    "@bufbuild/buf-darwin-x64@1.44.0": {
      "integrity": "sha512-0ygdEIYBUvvyJtNP7RWI1sgpsNaXX8f0JlMhG/y0IdozT+hQtDF9PSrw8+pz+ywpCJdiLzDwj4drZ+GuurQm8Q=="
    },
    "@bufbuild/buf-linux-aarch64@1.44.0": {
      "integrity": "sha512-8NRfpF/x3G5S3fZ4/OIOewxYs2/gnmYMhd0U6gKPrGQz7XblZNfY3Hfmx/5sWv6kybJJ8Iz2P7IVRyKP8net/Q=="
    },
    "@bufbuild/buf-linux-x64@1.44.0": {
      "integrity": "sha512-AjLw7WiqrzvJPA6NLLP3HIOv5bHAJB115qqOzVewsppBvtaCGDj6Du/cpccbSOJTuu88XUdVnJZa85+bnVxdIQ=="
    },
    "@bufbuild/buf-win32-arm64@1.44.0": {
      "integrity": "sha512-jlS3zbDI6pFXo0VuK8oxIAfpulWBiEW/l5I4LPT0AR5+q1Pfkn004GKox8znypXCLDV/xNh4/ZqrpL3c4ZAwjg=="
    },
    "@bufbuild/buf-win32-x64@1.44.0": {
      "integrity": "sha512-CRCeVVFssfLlXDzSBlI2y9b+xL/qP6umDp77HWg3iQugqONqy2ccSsDJNyxRATqaE5mixK5++Em/kqbnuhbKEA=="
    },
    "@bufbuild/buf@1.44.0": {
      "integrity": "sha512-5xdNiEUzI3Je5rFK9UzJl+gyKAv3fG1HdSlChqQXjTNZ3DZgeeuM7VdyHnr2QC/qgZfZ9L8PRKhJYbXZWYLVUg==",
      "dependencies": [
        "@bufbuild/buf-darwin-arm64",
        "@bufbuild/buf-darwin-x64",
        "@bufbuild/buf-linux-aarch64",
        "@bufbuild/buf-linux-x64",
        "@bufbuild/buf-win32-arm64",
        "@bufbuild/buf-win32-x64"
      ]
    }
  }
}
