lockfileVersion: '9.0'

settings:
  autoInstallPeers: true
  excludeLinksFromLockfile: false

importers:

  .:
    dependencies:
      '@bufbuild/buf':
        specifier: ^1.31.0
        version: 1.31.0
      '@bufbuild/protobuf':
        specifier: ^1.9.0
        version: 1.9.0
      '@bufbuild/protoc-gen-es':
        specifier: ^1.9.0
        version: 1.9.0(@bufbuild/protobuf@1.9.0)
      '@connectrpc/connect':
        specifier: ^1.4.0
        version: 1.4.0(@bufbuild/protobuf@1.9.0)
      '@connectrpc/protoc-gen-connect-es':
        specifier: ^1.4.0
        version: 1.4.0(@bufbuild/protoc-gen-es@1.9.0(@bufbuild/protobuf@1.9.0))(@connectrpc/connect@1.4.0(@bufbuild/protobuf@1.9.0))
    devDependencies:
      '@biomejs/biome':
        specifier: ^1.7.1
        version: 1.7.1
      typescript:
        specifier: ^5.4.5
        version: 5.4.5

packages:

  '@biomejs/biome@1.7.1':
    resolution: {integrity: sha512-wb2UNoFXcgaMdKXKT5ytsYntaogl2FSTjDt20CZynF3v7OXQUcIpTrr+be3XoOGpoZRj3Ytq9TSpmplUREXmeA==}
    engines: {node: '>=14.21.3'}
    hasBin: true

  '@biomejs/cli-darwin-arm64@1.7.1':
    resolution: {integrity: sha512-qfLrIIB58dkgiY/1tgG6fSCBK22PZaSIf6blweZBsG6iMij05mEuJt50ne+zPnNFNUmt8t43NC/qOXT3iFHQBA==}
    engines: {node: '>=14.21.3'}
    cpu: [arm64]
    os: [darwin]

  '@biomejs/cli-darwin-x64@1.7.1':
    resolution: {integrity: sha512-OGeyNsEcp5VnKbF9/TBjPCTHNEOm7oHegEve07U3KZmzqfpw2Oe3i9DVW8t6vvj1TYbrwWYCld25H34kBDY7Vg==}
    engines: {node: '>=14.21.3'}
    cpu: [x64]
    os: [darwin]

  '@biomejs/cli-linux-arm64-musl@1.7.1':
    resolution: {integrity: sha512-giH0/CzLOJ+wbxLxd5Shnr5xQf5fGnTRWLDe3lzjaF7IplVydNCEeZJtncB01SvyA6DAFJsvQ4LNxzAOQfEVCg==}
    engines: {node: '>=14.21.3'}
    cpu: [arm64]
    os: [linux]

  '@biomejs/cli-linux-arm64@1.7.1':
    resolution: {integrity: sha512-MQDf5wErj1iBvlcxCyOa0XqZYN8WJrupVgbNnqhntO3yVATg8GxduVUn1fDSaolznkDRsj7Pz3Xu1esBFwvfmg==}
    engines: {node: '>=14.21.3'}
    cpu: [arm64]
    os: [linux]

  '@biomejs/cli-linux-x64-musl@1.7.1':
    resolution: {integrity: sha512-ySNDtPhsLxU125IFHHAxfpoHBpkM56s4mEXeO70GZtgZay/o1h8IUPWCWf5Z7gKgc4jwgYN1U1U9xabI3hZVAg==}
    engines: {node: '>=14.21.3'}
    cpu: [x64]
    os: [linux]

  '@biomejs/cli-linux-x64@1.7.1':
    resolution: {integrity: sha512-3wmCsGcC3KZ4pfTknXHfyMMlXPMhgfXVAcG5GlrR+Tq2JGiAw0EUydaLpsSBEbcG7IxH6OiUZEJZ95kAycCHBA==}
    engines: {node: '>=14.21.3'}
    cpu: [x64]
    os: [linux]

  '@biomejs/cli-win32-arm64@1.7.1':
    resolution: {integrity: sha512-8hIDakEqZn0i6+388noYKdZ0ZrovTwnvMU/Qp/oJou0G7EPVdXupOe0oxiQSdRN0W7f6CS/yjPCYuVGzDG6r0g==}
    engines: {node: '>=14.21.3'}
    cpu: [arm64]
    os: [win32]

  '@biomejs/cli-win32-x64@1.7.1':
    resolution: {integrity: sha512-3W9k3uH6Ea6VOpAS9xkkAlS0LTfnGQjmIUCegZ8SDtK2NgJ1gO+qdEkGJb0ltahusFTN1QxJ107dM7ASA9IUEg==}
    engines: {node: '>=14.21.3'}
    cpu: [x64]
    os: [win32]

  '@bufbuild/buf-darwin-arm64@1.31.0':
    resolution: {integrity: sha512-C0jArGS/SW0jfpBBmG6xEhUBWQTsGInnPr7y44WYWNS/U5OnnWPJtYQ7xbH0mzYDMx7sZVRV0FKvPO0FPKS+hA==}
    engines: {node: '>=12'}
    cpu: [arm64]
    os: [darwin]

  '@bufbuild/buf-darwin-x64@1.31.0':
    resolution: {integrity: sha512-oBTe1T4l2WSukAG+9YS7VHID4N1CuSvAxGBfuzpFQrjjiQZaaTfYuLqqVP6408MyCN7X/LOjfCekR1QToVweNw==}
    engines: {node: '>=12'}
    cpu: [x64]
    os: [darwin]

  '@bufbuild/buf-linux-aarch64@1.31.0':
    resolution: {integrity: sha512-UN9KsTuO9YS5Vefj/CaqX1wO+hvc3AyGElxzOHMc7S3MWEuqSAFOhxu5I7CyOr2/yoZO2qZPPR29HuzmQsb2+w==}
    engines: {node: '>=12'}
    cpu: [arm64]
    os: [linux]

  '@bufbuild/buf-linux-x64@1.31.0':
    resolution: {integrity: sha512-4uKq5Iu5tNEFE3Mz9a52KFCaywg5xLqwhN6Kf4kAk34kxWJgQ8D3WFe9ZpXHzH7Lj00u3Q+V/3vKCVATHR3tkw==}
    engines: {node: '>=12'}
    cpu: [x64]
    os: [linux]

  '@bufbuild/buf-win32-arm64@1.31.0':
    resolution: {integrity: sha512-jz7GenlNsqwbC3qaHcBHBO35MycZ1gV8OUSRp/wTXGgZsEZzAyw335JA2NWL+5LaI8cF+CsYd6/uuWzKkdCKTQ==}
    engines: {node: '>=12'}
    cpu: [arm64]
    os: [win32]

  '@bufbuild/buf-win32-x64@1.31.0':
    resolution: {integrity: sha512-gw7p3PYam0g7hNwIhNphua5P8GBZczginoWNK3jk5sGVv0TzWOdHrjkVVhkc3DJbRZEg10ExGI3qRfCqiX1IHw==}
    engines: {node: '>=12'}
    cpu: [x64]
    os: [win32]

  '@bufbuild/buf@1.31.0':
    resolution: {integrity: sha512-kM/eueGkp0NDo8p8B6GXr1MdCzf4w8zEV1gbEiDlaLYDoyeHGLtlf5jF/hrb6MsvCccy3x7cc+cj4Wn/DmoR2g==}
    engines: {node: '>=12'}
    hasBin: true

  '@bufbuild/protobuf@1.9.0':
    resolution: {integrity: sha512-W7gp8Q/v1NlCZLsv8pQ3Y0uCu/SHgXOVFK+eUluUKWXmsb6VHkpNx0apdOWWcDbB9sJoKeP8uPrjmehJz6xETQ==}

  '@bufbuild/protoc-gen-es@1.9.0':
    resolution: {integrity: sha512-LJy1nC3Jsfdhs9v48P7qF6YXIqh+usFhXSVzJDTmw0yKjxQ3CKBNISRtaMql/g9hb1MLRU6unHCcFfdz4HSO/Q==}
    engines: {node: '>=14'}
    hasBin: true
    peerDependencies:
      '@bufbuild/protobuf': 1.9.0
    peerDependenciesMeta:
      '@bufbuild/protobuf':
        optional: true

  '@bufbuild/protoplugin@1.9.0':
    resolution: {integrity: sha512-/mxMiGs5h78RUHT7v4+mv0Wt0gyRf/SOS5PLzKEg2sclEAlFPbXfZ8HjlvxJpXZP/YpP3HvsW/mil3E69G0mXg==}

  '@connectrpc/connect@1.4.0':
    resolution: {integrity: sha512-vZeOkKaAjyV4+RH3+rJZIfDFJAfr+7fyYr6sLDKbYX3uuTVszhFe9/YKf5DNqrDb5cKdKVlYkGn6DTDqMitAnA==}
    peerDependencies:
      '@bufbuild/protobuf': ^1.4.2

  '@connectrpc/protoc-gen-connect-es@1.4.0':
    resolution: {integrity: sha512-/7vQ8Q7mEBhV8qEVh/eifRQlQnf8EJ6weMwCD2DljVAQRlZYcW9SLxjYZhV1uM1ZZqQC7Cw2vvgXRg2XQswHBg==}
    engines: {node: '>=16.0.0'}
    hasBin: true
    peerDependencies:
      '@bufbuild/protoc-gen-es': ^1.7.2
      '@connectrpc/connect': 1.4.0
    peerDependenciesMeta:
      '@bufbuild/protoc-gen-es':
        optional: true
      '@connectrpc/connect':
        optional: true

  '@typescript/vfs@1.5.0':
    resolution: {integrity: sha512-AJS307bPgbsZZ9ggCT3wwpg3VbTKMFNHfaY/uF0ahSkYYrPF2dSSKDNIDIQAHm9qJqbLvCsSJH7yN4Vs/CsMMg==}

  debug@4.3.4:
    resolution: {integrity: sha512-PRWFHuSU3eDtQJPvnNY7Jcket1j0t5OuOsFzPPzsekD52Zl8qUfFIPEiswXqIvHWGVHOgX+7G/vCNNhehwxfkQ==}
    engines: {node: '>=6.0'}
    peerDependencies:
      supports-color: '*'
    peerDependenciesMeta:
      supports-color:
        optional: true

  ms@2.1.2:
    resolution: {integrity: sha512-sGkPx+VjMtmA6MX27oA4FBFELFCZZ4S4XqeGOXCv68tT+jb3vk/RyaKWP0PTKyWtmLSM0b+adUTEvbs1PEaH2w==}

  typescript@4.5.2:
    resolution: {integrity: sha512-5BlMof9H1yGt0P8/WF+wPNw6GfctgGjXp5hkblpyT+8rkASSmkUKMXrxR0Xg8ThVCi/JnHQiKXeBaEwCeQwMFw==}
    engines: {node: '>=4.2.0'}
    hasBin: true

  typescript@5.4.5:
    resolution: {integrity: sha512-vcI4UpRgg81oIRUFwR0WSIHKt11nJ7SAVlYNIu+QpqeyXP+gpQJy/Z4+F0aGxSE4MqwjyXvW/TzgkLAx2AGHwQ==}
    engines: {node: '>=14.17'}
    hasBin: true

snapshots:

  '@biomejs/biome@1.7.1':
    optionalDependencies:
      '@biomejs/cli-darwin-arm64': 1.7.1
      '@biomejs/cli-darwin-x64': 1.7.1
      '@biomejs/cli-linux-arm64': 1.7.1
      '@biomejs/cli-linux-arm64-musl': 1.7.1
      '@biomejs/cli-linux-x64': 1.7.1
      '@biomejs/cli-linux-x64-musl': 1.7.1
      '@biomejs/cli-win32-arm64': 1.7.1
      '@biomejs/cli-win32-x64': 1.7.1

  '@biomejs/cli-darwin-arm64@1.7.1':
    optional: true

  '@biomejs/cli-darwin-x64@1.7.1':
    optional: true

  '@biomejs/cli-linux-arm64-musl@1.7.1':
    optional: true

  '@biomejs/cli-linux-arm64@1.7.1':
    optional: true

  '@biomejs/cli-linux-x64-musl@1.7.1':
    optional: true

  '@biomejs/cli-linux-x64@1.7.1':
    optional: true

  '@biomejs/cli-win32-arm64@1.7.1':
    optional: true

  '@biomejs/cli-win32-x64@1.7.1':
    optional: true

  '@bufbuild/buf-darwin-arm64@1.31.0':
    optional: true

  '@bufbuild/buf-darwin-x64@1.31.0':
    optional: true

  '@bufbuild/buf-linux-aarch64@1.31.0':
    optional: true

  '@bufbuild/buf-linux-x64@1.31.0':
    optional: true

  '@bufbuild/buf-win32-arm64@1.31.0':
    optional: true

  '@bufbuild/buf-win32-x64@1.31.0':
    optional: true

  '@bufbuild/buf@1.31.0':
    optionalDependencies:
      '@bufbuild/buf-darwin-arm64': 1.31.0
      '@bufbuild/buf-darwin-x64': 1.31.0
      '@bufbuild/buf-linux-aarch64': 1.31.0
      '@bufbuild/buf-linux-x64': 1.31.0
      '@bufbuild/buf-win32-arm64': 1.31.0
      '@bufbuild/buf-win32-x64': 1.31.0

  '@bufbuild/protobuf@1.9.0': {}

  '@bufbuild/protoc-gen-es@1.9.0(@bufbuild/protobuf@1.9.0)':
    dependencies:
      '@bufbuild/protoplugin': 1.9.0
    optionalDependencies:
      '@bufbuild/protobuf': 1.9.0
    transitivePeerDependencies:
      - supports-color

  '@bufbuild/protoplugin@1.9.0':
    dependencies:
      '@bufbuild/protobuf': 1.9.0
      '@typescript/vfs': 1.5.0
      typescript: 4.5.2
    transitivePeerDependencies:
      - supports-color

  '@connectrpc/connect@1.4.0(@bufbuild/protobuf@1.9.0)':
    dependencies:
      '@bufbuild/protobuf': 1.9.0

  '@connectrpc/protoc-gen-connect-es@1.4.0(@bufbuild/protoc-gen-es@1.9.0(@bufbuild/protobuf@1.9.0))(@connectrpc/connect@1.4.0(@bufbuild/protobuf@1.9.0))':
    dependencies:
      '@bufbuild/protobuf': 1.9.0
      '@bufbuild/protoplugin': 1.9.0
    optionalDependencies:
      '@bufbuild/protoc-gen-es': 1.9.0(@bufbuild/protobuf@1.9.0)
      '@connectrpc/connect': 1.4.0(@bufbuild/protobuf@1.9.0)
    transitivePeerDependencies:
      - supports-color

  '@typescript/vfs@1.5.0':
    dependencies:
      debug: 4.3.4
    transitivePeerDependencies:
      - supports-color

  debug@4.3.4:
    dependencies:
      ms: 2.1.2

  ms@2.1.2: {}

  typescript@4.5.2: {}

  typescript@5.4.5: {}
