{
  "version": "4",
  "specifiers": {
    "npm:@bufbuild/protobuf@^2.1.0": "2.1.0"
  },
  "npm": {
    "@bufbuild/protobuf@2.1.0": {
      "integrity": "sha512-+2Mx67Y3skJ4NCD/qNSdBJNWtu6x6Qr53jeNg+QcwiL6mt0wK+3jwHH2x1p7xaYH6Ve2JKOVn0OxU35WsmqI9A=="
    }
  },
  "workspace": {
    "dependencies": [
      "npm:@bufbuild/protobuf@^2.1.0"
    ]
  }
}
